// !$*UTF8*$!
{
	archiveVersion = 1;
	classes = {
	};
	objectVersion = 48;
	objects = {

/* Begin PBXBuildFile section */
		34AA9F5A205F8FD70002891B /* AppDelegate.swift in Sources */ = {isa = PBXBuildFile; fileRef = 34AA9F59205F8FD70002891B /* AppDelegate.swift */; };
		34AA9F5C205F8FD70002891B /* ViewController.swift in Sources */ = {isa = PBXBuildFile; fileRef = 34AA9F5B205F8FD70002891B /* ViewController.swift */; };
		34AA9F61205F8FD70002891B /* Assets.xcassets in Resources */ = {isa = PBXBuildFile; fileRef = 34AA9F60205F8FD70002891B /* Assets.xcassets */; };
		34AA9F64205F8FD70002891B /* LaunchScreen.storyboard in Resources */ = {isa = PBXBuildFile; fileRef = 34AA9F62205F8FD70002891B /* LaunchScreen.storyboard */; };
		34AA9F6F205F8FD70002891B /* ScratchListerTests.swift in Sources */ = {isa = PBXBuildFile; fileRef = 34AA9F6E205F8FD70002891B /* ScratchListerTests.swift */; };
		34AA9F7B205F907E0002891B /* AppCoordinator.swift in Sources */ = {isa = PBXBuildFile; fileRef = 34AA9F7A205F907E0002891B /* AppCoordinator.swift */; };
		34AA9F7F205F94E10002891B /* ListCoordinator.swift in Sources */ = {isa = PBXBuildFile; fileRef = 34AA9F7E205F94E10002891B /* ListCoordinator.swift */; };
		34AA9F81205F95250002891B /* Coordinator.swift in Sources */ = {isa = PBXBuildFile; fileRef = 34AA9F80205F95250002891B /* Coordinator.swift */; };
		34AA9F83205F98610002891B /* ListCoordinatorDelegate.swift in Sources */ = {isa = PBXBuildFile; fileRef = 34AA9F82205F98610002891B /* ListCoordinatorDelegate.swift */; };
		34AA9F85205F9B220002891B /* ListViewController.swift in Sources */ = {isa = PBXBuildFile; fileRef = 34AA9F84205F9B220002891B /* ListViewController.swift */; };
		34AA9F87205F9B330002891B /* ListView.xib in Resources */ = {isa = PBXBuildFile; fileRef = 34AA9F86205F9B330002891B /* ListView.xib */; };
/* End PBXBuildFile section */

/* Begin PBXContainerItemProxy section */
		34AA9F6B205F8FD70002891B /* PBXContainerItemProxy */ = {
			isa = PBXContainerItemProxy;
			containerPortal = 34AA9F4E205F8FD60002891B /* Project object */;
			proxyType = 1;
			remoteGlobalIDString = 34AA9F55205F8FD70002891B;
			remoteInfo = ScratchLister;
		};
/* End PBXContainerItemProxy section */

/* Begin PBXFileReference section */
		34AA9F56205F8FD70002891B /* ScratchLister.app */ = {isa = PBXFileReference; explicitFileType = wrapper.application; includeInIndex = 0; path = ScratchLister.app; sourceTree = BUILT_PRODUCTS_DIR; };
		34AA9F59205F8FD70002891B /* AppDelegate.swift */ = {isa = PBXFileReference; lastKnownFileType = sourcecode.swift; path = AppDelegate.swift; sourceTree = "<group>"; };
		34AA9F5B205F8FD70002891B /* ViewController.swift */ = {isa = PBXFileReference; lastKnownFileType = sourcecode.swift; path = ViewController.swift; sourceTree = "<group>"; };
		34AA9F60205F8FD70002891B /* Assets.xcassets */ = {isa = PBXFileReference; lastKnownFileType = folder.assetcatalog; path = Assets.xcassets; sourceTree = "<group>"; };
		34AA9F63205F8FD70002891B /* Base */ = {isa = PBXFileReference; lastKnownFileType = file.storyboard; name = Base; path = Base.lproj/LaunchScreen.storyboard; sourceTree = "<group>"; };
		34AA9F65205F8FD70002891B /* Info.plist */ = {isa = PBXFileReference; lastKnownFileType = text.plist.xml; path = Info.plist; sourceTree = "<group>"; };
		34AA9F6A205F8FD70002891B /* ScratchListerTests.xctest */ = {isa = PBXFileReference; explicitFileType = wrapper.cfbundle; includeInIndex = 0; path = ScratchListerTests.xctest; sourceTree = BUILT_PRODUCTS_DIR; };
		34AA9F6E205F8FD70002891B /* ScratchListerTests.swift */ = {isa = PBXFileReference; lastKnownFileType = sourcecode.swift; path = ScratchListerTests.swift; sourceTree = "<group>"; };
		34AA9F70205F8FD70002891B /* Info.plist */ = {isa = PBXFileReference; lastKnownFileType = text.plist.xml; path = Info.plist; sourceTree = "<group>"; };
		34AA9F7A205F907E0002891B /* AppCoordinator.swift */ = {isa = PBXFileReference; lastKnownFileType = sourcecode.swift; path = AppCoordinator.swift; sourceTree = "<group>"; };
		34AA9F7E205F94E10002891B /* ListCoordinator.swift */ = {isa = PBXFileReference; lastKnownFileType = sourcecode.swift; path = ListCoordinator.swift; sourceTree = "<group>"; };
		34AA9F80205F95250002891B /* Coordinator.swift */ = {isa = PBXFileReference; lastKnownFileType = sourcecode.swift; path = Coordinator.swift; sourceTree = "<group>"; };
		34AA9F82205F98610002891B /* ListCoordinatorDelegate.swift */ = {isa = PBXFileReference; lastKnownFileType = sourcecode.swift; path = ListCoordinatorDelegate.swift; sourceTree = "<group>"; };
		34AA9F84205F9B220002891B /* ListViewController.swift */ = {isa = PBXFileReference; lastKnownFileType = sourcecode.swift; path = ListViewController.swift; sourceTree = "<group>"; };
		34AA9F86205F9B330002891B /* ListView.xib */ = {isa = PBXFileReference; lastKnownFileType = file.xib; path = ListView.xib; sourceTree = "<group>"; };
/* End PBXFileReference section */

/* Begin PBXFrameworksBuildPhase section */
		34AA9F53205F8FD70002891B /* Frameworks */ = {
			isa = PBXFrameworksBuildPhase;
			buildActionMask = 2147483647;
			files = (
			);
			runOnlyForDeploymentPostprocessing = 0;
		};
		34AA9F67205F8FD70002891B /* Frameworks */ = {
			isa = PBXFrameworksBuildPhase;
			buildActionMask = 2147483647;
			files = (
			);
			runOnlyForDeploymentPostprocessing = 0;
		};
/* End PBXFrameworksBuildPhase section */

/* Begin PBXGroup section */
		34AA9F4D205F8FD60002891B = {
			isa = PBXGroup;
			children = (
				34AA9F58205F8FD70002891B /* ScratchLister */,
				34AA9F6D205F8FD70002891B /* ScratchListerTests */,
				34AA9F57205F8FD70002891B /* Products */,
			);
			sourceTree = "<group>";
		};
		34AA9F57205F8FD70002891B /* Products */ = {
			isa = PBXGroup;
			children = (
				34AA9F56205F8FD70002891B /* ScratchLister.app */,
				34AA9F6A205F8FD70002891B /* ScratchListerTests.xctest */,
			);
			name = Products;
			sourceTree = "<group>";
		};
		34AA9F58205F8FD70002891B /* ScratchLister */ = {
			isa = PBXGroup;
			children = (
				34AA9F59205F8FD70002891B /* AppDelegate.swift */,
				34AA9F79205F904F0002891B /* Application */,
				34AA9F7D205F94870002891B /* ListScreen */,
				34AA9F7C205F90EF0002891B /* Utilities */,
				34AA9F5B205F8FD70002891B /* ViewController.swift */,
				34AA9F60205F8FD70002891B /* Assets.xcassets */,
				34AA9F62205F8FD70002891B /* LaunchScreen.storyboard */,
				34AA9F65205F8FD70002891B /* Info.plist */,
			);
			path = ScratchLister;
			sourceTree = "<group>";
		};
		34AA9F6D205F8FD70002891B /* ScratchListerTests */ = {
			isa = PBXGroup;
			children = (
				34AA9F6E205F8FD70002891B /* ScratchListerTests.swift */,
				34AA9F70205F8FD70002891B /* Info.plist */,
			);
			path = ScratchListerTests;
			sourceTree = "<group>";
		};
		34AA9F79205F904F0002891B /* Application */ = {
			isa = PBXGroup;
			children = (
				34AA9F7A205F907E0002891B /* AppCoordinator.swift */,
			);
			path = Application;
			sourceTree = "<group>";
		};
		34AA9F7C205F90EF0002891B /* Utilities */ = {
			isa = PBXGroup;
			children = (
				34AA9F80205F95250002891B /* Coordinator.swift */,
			);
			path = Utilities;
			sourceTree = "<group>";
		};
		34AA9F7D205F94870002891B /* ListScreen */ = {
			isa = PBXGroup;
			children = (
				34AA9F7E205F94E10002891B /* ListCoordinator.swift */,
				34AA9F82205F98610002891B /* ListCoordinatorDelegate.swift */,
				34AA9F84205F9B220002891B /* ListViewController.swift */,
				34AA9F86205F9B330002891B /* ListView.xib */,
			);
			path = ListScreen;
			sourceTree = "<group>";
		};
/* End PBXGroup section */

/* Begin PBXNativeTarget section */
		34AA9F55205F8FD70002891B /* ScratchLister */ = {
			isa = PBXNativeTarget;
			buildConfigurationList = 34AA9F73205F8FD70002891B /* Build configuration list for PBXNativeTarget "ScratchLister" */;
			buildPhases = (
				34AA9F52205F8FD70002891B /* Sources */,
				34AA9F53205F8FD70002891B /* Frameworks */,
				34AA9F54205F8FD70002891B /* Resources */,
			);
			buildRules = (
			);
			dependencies = (
			);
			name = ScratchLister;
			productName = ScratchLister;
			productReference = 34AA9F56205F8FD70002891B /* ScratchLister.app */;
			productType = "com.apple.product-type.application";
		};
		34AA9F69205F8FD70002891B /* ScratchListerTests */ = {
			isa = PBXNativeTarget;
			buildConfigurationList = 34AA9F76205F8FD70002891B /* Build configuration list for PBXNativeTarget "ScratchListerTests" */;
			buildPhases = (
				34AA9F66205F8FD70002891B /* Sources */,
				34AA9F67205F8FD70002891B /* Frameworks */,
				34AA9F68205F8FD70002891B /* Resources */,
			);
			buildRules = (
			);
			dependencies = (
				34AA9F6C205F8FD70002891B /* PBXTargetDependency */,
			);
			name = ScratchListerTests;
			productName = ScratchListerTests;
			productReference = 34AA9F6A205F8FD70002891B /* ScratchListerTests.xctest */;
			productType = "com.apple.product-type.bundle.unit-test";
		};
/* End PBXNativeTarget section */

/* Begin PBXProject section */
		34AA9F4E205F8FD60002891B /* Project object */ = {
			isa = PBXProject;
			attributes = {
				LastSwiftUpdateCheck = 0920;
				LastUpgradeCheck = 0920;
				ORGANIZATIONNAME = "Vincent O'Sullivan";
				TargetAttributes = {
					34AA9F55205F8FD70002891B = {
						CreatedOnToolsVersion = 9.2;
						ProvisioningStyle = Automatic;
					};
					34AA9F69205F8FD70002891B = {
						CreatedOnToolsVersion = 9.2;
						ProvisioningStyle = Automatic;
						TestTargetID = 34AA9F55205F8FD70002891B;
					};
				};
			};
			buildConfigurationList = 34AA9F51205F8FD60002891B /* Build configuration list for PBXProject "ScratchLister" */;
			compatibilityVersion = "Xcode 8.0";
			developmentRegion = en;
			hasScannedForEncodings = 0;
			knownRegions = (
				en,
				Base,
			);
			mainGroup = 34AA9F4D205F8FD60002891B;
			productRefGroup = 34AA9F57205F8FD70002891B /* Products */;
			projectDirPath = "";
			projectRoot = "";
			targets = (
				34AA9F55205F8FD70002891B /* ScratchLister */,
				34AA9F69205F8FD70002891B /* ScratchListerTests */,
			);
		};
/* End PBXProject section */

/* Begin PBXResourcesBuildPhase section */
		34AA9F54205F8FD70002891B /* Resources */ = {
			isa = PBXResourcesBuildPhase;
			buildActionMask = 2147483647;
			files = (
				34AA9F64205F8FD70002891B /* LaunchScreen.storyboard in Resources */,
				34AA9F61205F8FD70002891B /* Assets.xcassets in Resources */,
				34AA9F87205F9B330002891B /* ListView.xib in Resources */,
			);
			runOnlyForDeploymentPostprocessing = 0;
		};
		34AA9F68205F8FD70002891B /* Resources */ = {
			isa = PBXResourcesBuildPhase;
			buildActionMask = 2147483647;
			files = (
			);
			runOnlyForDeploymentPostprocessing = 0;
		};
/* End PBXResourcesBuildPhase section */

/* Begin PBXSourcesBuildPhase section */
		34AA9F52205F8FD70002891B /* Sources */ = {
			isa = PBXSourcesBuildPhase;
			buildActionMask = 2147483647;
			files = (
				34AA9F7B205F907E0002891B /* AppCoordinator.swift in Sources */,
				34AA9F5C205F8FD70002891B /* ViewController.swift in Sources */,
				34AA9F81205F95250002891B /* Coordinator.swift in Sources */,
				34AA9F7F205F94E10002891B /* ListCoordinator.swift in Sources */,
				34AA9F5A205F8FD70002891B /* AppDelegate.swift in Sources */,
				34AA9F83205F98610002891B /* ListCoordinatorDelegate.swift in Sources */,
				34AA9F85205F9B220002891B /* ListViewController.swift in Sources */,
			);
			runOnlyForDeploymentPostprocessing = 0;
		};
		34AA9F66205F8FD70002891B /* Sources */ = {
			isa = PBXSourcesBuildPhase;
			buildActionMask = 2147483647;
			files = (
				34AA9F6F205F8FD70002891B /* ScratchListerTests.swift in Sources */,
			);
			runOnlyForDeploymentPostprocessing = 0;
		};
/* End PBXSourcesBuildPhase section */

/* Begin PBXTargetDependency section */
		34AA9F6C205F8FD70002891B /* PBXTargetDependency */ = {
			isa = PBXTargetDependency;
			target = 34AA9F55205F8FD70002891B /* ScratchLister */;
			targetProxy = 34AA9F6B205F8FD70002891B /* PBXContainerItemProxy */;
		};
/* End PBXTargetDependency section */

/* Begin PBXVariantGroup section */
		34AA9F62205F8FD70002891B /* LaunchScreen.storyboard */ = {
			isa = PBXVariantGroup;
			children = (
				34AA9F63205F8FD70002891B /* Base */,
			);
			name = LaunchScreen.storyboard;
			sourceTree = "<group>";
		};
/* End PBXVariantGroup section */

/* Begin XCBuildConfiguration section */
		34AA9F71205F8FD70002891B /* Debug */ = {
			isa = XCBuildConfiguration;
			buildSettings = {
				ALWAYS_SEARCH_USER_PATHS = NO;
				CLANG_ANALYZER_NONNULL = YES;
				CLANG_ANALYZER_NUMBER_OBJECT_CONVERSION = YES_AGGRESSIVE;
				CLANG_CXX_LANGUAGE_STANDARD = "gnu++14";
				CLANG_CXX_LIBRARY = "libc++";
				CLANG_ENABLE_MODULES = YES;
				CLANG_ENABLE_OBJC_ARC = YES;
				CLANG_WARN_BLOCK_CAPTURE_AUTORELEASING = YES;
				CLANG_WARN_BOOL_CONVERSION = YES;
				CLANG_WARN_COMMA = YES;
				CLANG_WARN_CONSTANT_CONVERSION = YES;
				CLANG_WARN_DIRECT_OBJC_ISA_USAGE = YES_ERROR;
				CLANG_WARN_DOCUMENTATION_COMMENTS = YES;
				CLANG_WARN_EMPTY_BODY = YES;
				CLANG_WARN_ENUM_CONVERSION = YES;
				CLANG_WARN_INFINITE_RECURSION = YES;
				CLANG_WARN_INT_CONVERSION = YES;
				CLANG_WARN_NON_LITERAL_NULL_CONVERSION = YES;
				CLANG_WARN_OBJC_LITERAL_CONVERSION = YES;
				CLANG_WARN_OBJC_ROOT_CLASS = YES_ERROR;
				CLANG_WARN_RANGE_LOOP_ANALYSIS = YES;
				CLANG_WARN_STRICT_PROTOTYPES = YES;
				CLANG_WARN_SUSPICIOUS_MOVE = YES;
				CLANG_WARN_UNGUARDED_AVAILABILITY = YES_AGGRESSIVE;
				CLANG_WARN_UNREACHABLE_CODE = YES;
				CLANG_WARN__DUPLICATE_METHOD_MATCH = YES;
				CODE_SIGN_IDENTITY = "iPhone Developer";
				COPY_PHASE_STRIP = NO;
				DEBUG_INFORMATION_FORMAT = dwarf;
				ENABLE_STRICT_OBJC_MSGSEND = YES;
				ENABLE_TESTABILITY = YES;
				GCC_C_LANGUAGE_STANDARD = gnu11;
				GCC_DYNAMIC_NO_PIC = NO;
				GCC_NO_COMMON_BLOCKS = YES;
				GCC_OPTIMIZATION_LEVEL = 0;
				GCC_PREPROCESSOR_DEFINITIONS = (
					"DEBUG=1",
					"$(inherited)",
				);
				GCC_WARN_64_TO_32_BIT_CONVERSION = YES;
				GCC_WARN_ABOUT_RETURN_TYPE = YES_ERROR;
				GCC_WARN_UNDECLARED_SELECTOR = YES;
				GCC_WARN_UNINITIALIZED_AUTOS = YES_AGGRESSIVE;
				GCC_WARN_UNUSED_FUNCTION = YES;
				GCC_WARN_UNUSED_VARIABLE = YES;
				IPHONEOS_DEPLOYMENT_TARGET = 11.2;
				MTL_ENABLE_DEBUG_INFO = YES;
				ONLY_ACTIVE_ARCH = YES;
				SDKROOT = iphoneos;
				SWIFT_ACTIVE_COMPILATION_CONDITIONS = DEBUG;
				SWIFT_OPTIMIZATION_LEVEL = "-Onone";
			};
			name = Debug;
		};
		34AA9F72205F8FD70002891B /* Release */ = {
			isa = XCBuildConfiguration;
			buildSettings = {
				ALWAYS_SEARCH_USER_PATHS = NO;
				CLANG_ANALYZER_NONNULL = YES;
				CLANG_ANALYZER_NUMBER_OBJECT_CONVERSION = YES_AGGRESSIVE;
				CLANG_CXX_LANGUAGE_STANDARD = "gnu++14";
				CLANG_CXX_LIBRARY = "libc++";
				CLANG_ENABLE_MODULES = YES;
				CLANG_ENABLE_OBJC_ARC = YES;
				CLANG_WARN_BLOCK_CAPTURE_AUTORELEASING = YES;
				CLANG_WARN_BOOL_CONVERSION = YES;
				CLANG_WARN_COMMA = YES;
				CLANG_WARN_CONSTANT_CONVERSION = YES;
				CLANG_WARN_DIRECT_OBJC_ISA_USAGE = YES_ERROR;
				CLANG_WARN_DOCUMENTATION_COMMENTS = YES;
				CLANG_WARN_EMPTY_BODY = YES;
				CLANG_WARN_ENUM_CONVERSION = YES;
				CLANG_WARN_INFINITE_RECURSION = YES;
				CLANG_WARN_INT_CONVERSION = YES;
				CLANG_WARN_NON_LITERAL_NULL_CONVERSION = YES;
				CLANG_WARN_OBJC_LITERAL_CONVERSION = YES;
				CLANG_WARN_OBJC_ROOT_CLASS = YES_ERROR;
				CLANG_WARN_RANGE_LOOP_ANALYSIS = YES;
				CLANG_WARN_STRICT_PROTOTYPES = YES;
				CLANG_WARN_SUSPICIOUS_MOVE = YES;
				CLANG_WARN_UNGUARDED_AVAILABILITY = YES_AGGRESSIVE;
				CLANG_WARN_UNREACHABLE_CODE = YES;
				CLANG_WARN__DUPLICATE_METHOD_MATCH = YES;
				CODE_SIGN_IDENTITY = "iPhone Developer";
				COPY_PHASE_STRIP = NO;
				DEBUG_INFORMATION_FORMAT = "dwarf-with-dsym";
				ENABLE_NS_ASSERTIONS = NO;
				ENABLE_STRICT_OBJC_MSGSEND = YES;
				GCC_C_LANGUAGE_STANDARD = gnu11;
				GCC_NO_COMMON_BLOCKS = YES;
				GCC_WARN_64_TO_32_BIT_CONVERSION = YES;
				GCC_WARN_ABOUT_RETURN_TYPE = YES_ERROR;
				GCC_WARN_UNDECLARED_SELECTOR = YES;
				GCC_WARN_UNINITIALIZED_AUTOS = YES_AGGRESSIVE;
				GCC_WARN_UNUSED_FUNCTION = YES;
				GCC_WARN_UNUSED_VARIABLE = YES;
				IPHONEOS_DEPLOYMENT_TARGET = 11.2;
				MTL_ENABLE_DEBUG_INFO = NO;
				SDKROOT = iphoneos;
				SWIFT_OPTIMIZATION_LEVEL = "-Owholemodule";
				VALIDATE_PRODUCT = YES;
			};
			name = Release;
		};
		34AA9F74205F8FD70002891B /* Debug */ = {
			isa = XCBuildConfiguration;
			buildSettings = {
				ASSETCATALOG_COMPILER_APPICON_NAME = AppIcon;
				CODE_SIGN_STYLE = Automatic;
				DEVELOPMENT_TEAM = 27QRRWZMS6;
				INFOPLIST_FILE = ScratchLister/Info.plist;
				LD_RUNPATH_SEARCH_PATHS = "$(inherited) @executable_path/Frameworks";
				PRODUCT_BUNDLE_IDENTIFIER = com.vjosullivan.ScratchLister;
				PRODUCT_NAME = "$(TARGET_NAME)";
				SWIFT_VERSION = 4.0;
				TARGETED_DEVICE_FAMILY = "1,2";
			};
			name = Debug;
		};
		34AA9F75205F8FD70002891B /* Release */ = {
			isa = XCBuildConfiguration;
			buildSettings = {
				ASSETCATALOG_COMPILER_APPICON_NAME = AppIcon;
				CODE_SIGN_STYLE = Automatic;
				DEVELOPMENT_TEAM = 27QRRWZMS6;
				INFOPLIST_FILE = ScratchLister/Info.plist;
				LD_RUNPATH_SEARCH_PATHS = "$(inherited) @executable_path/Frameworks";
				PRODUCT_BUNDLE_IDENTIFIER = com.vjosullivan.ScratchLister;
				PRODUCT_NAME = "$(TARGET_NAME)";
				SWIFT_VERSION = 4.0;
				TARGETED_DEVICE_FAMILY = "1,2";
			};
			name = Release;
		};
		34AA9F77205F8FD70002891B /* Debug */ = {
			isa = XCBuildConfiguration;
			buildSettings = {
				ALWAYS_EMBED_SWIFT_STANDARD_LIBRARIES = YES;
				BUNDLE_LOADER = "$(TEST_HOST)";
				CODE_SIGN_STYLE = Automatic;
				DEVELOPMENT_TEAM = 27QRRWZMS6;
				INFOPLIST_FILE = ScratchListerTests/Info.plist;
				LD_RUNPATH_SEARCH_PATHS = "$(inherited) @executable_path/Frameworks @loader_path/Frameworks";
				PRODUCT_BUNDLE_IDENTIFIER = com.vjosullivan.ScratchListerTests;
				PRODUCT_NAME = "$(TARGET_NAME)";
				SWIFT_VERSION = 4.0;
				TARGETED_DEVICE_FAMILY = "1,2";
				TEST_HOST = "$(BUILT_PRODUCTS_DIR)/ScratchLister.app/ScratchLister";
			};
			name = Debug;
		};
		34AA9F78205F8FD70002891B /* Release */ = {
			isa = XCBuildConfiguration;
			buildSettings = {
				ALWAYS_EMBED_SWIFT_STANDARD_LIBRARIES = YES;
				BUNDLE_LOADER = "$(TEST_HOST)";
				CODE_SIGN_STYLE = Automatic;
				DEVELOPMENT_TEAM = 27QRRWZMS6;
				INFOPLIST_FILE = ScratchListerTests/Info.plist;
				LD_RUNPATH_SEARCH_PATHS = "$(inherited) @executable_path/Frameworks @loader_path/Frameworks";
				PRODUCT_BUNDLE_IDENTIFIER = com.vjosullivan.ScratchListerTests;
				PRODUCT_NAME = "$(TARGET_NAME)";
				SWIFT_VERSION = 4.0;
				TARGETED_DEVICE_FAMILY = "1,2";
				TEST_HOST = "$(BUILT_PRODUCTS_DIR)/ScratchLister.app/ScratchLister";
			};
			name = Release;
		};
/* End XCBuildConfiguration section */

/* Begin XCConfigurationList section */
		34AA9F51205F8FD60002891B /* Build configuration list for PBXProject "ScratchLister" */ = {
			isa = XCConfigurationList;
			buildConfigurations = (
				34AA9F71205F8FD70002891B /* Debug */,
				34AA9F72205F8FD70002891B /* Release */,
			);
			defaultConfigurationIsVisible = 0;
			defaultConfigurationName = Release;
		};
		34AA9F73205F8FD70002891B /* Build configuration list for PBXNativeTarget "ScratchLister" */ = {
			isa = XCConfigurationList;
			buildConfigurations = (
				34AA9F74205F8FD70002891B /* Debug */,
				34AA9F75205F8FD70002891B /* Release */,
			);
			defaultConfigurationIsVisible = 0;
			defaultConfigurationName = Release;
		};
		34AA9F76205F8FD70002891B /* Build configuration list for PBXNativeTarget "ScratchListerTests" */ = {
			isa = XCConfigurationList;
			buildConfigurations = (
				34AA9F77205F8FD70002891B /* Debug */,
				34AA9F78205F8FD70002891B /* Release */,
			);
			defaultConfigurationIsVisible = 0;
			defaultConfigurationName = Release;
		};
/* End XCConfigurationList section */
	};
	rootObject = 34AA9F4E205F8FD60002891B /* Project object */;
}
